
Microsoft Visual Studio Solution File, Format Version 12.00
# Visual Studio Version 17
VisualStudioVersion = 17.5.33502.453
MinimumVisualStudioVersion = 10.0.40219.1
Project("{FAE04EC0-301F-11D3-BF4B-00C04F79EFBC}") = "Exercicio", "Exercicio\Exercicio.csproj", "{340A037E-FA91-46CE-9F56-4A69CF1BCC74}"
EndProject
Global
	GlobalSection(SolutionConfigurationPlatforms) = preSolution
		Debug|Any CPU = Debug|Any CPU
		Release|Any CPU = Release|Any CPU
	EndGlobalSection
	GlobalSection(ProjectConfigurationPlatforms) = postSolution
		{340A037E-FA91-46CE-9F56-4A69CF1BCC74}.Debug|Any CPU.ActiveCfg = Debug|Any CPU
		{340A037E-FA91-46CE-9F56-4A69CF1BCC74}.Debug|Any CPU.Build.0 = Debug|Any CPU
		{340A037E-FA91-46CE-9F56-4A69CF1BCC74}.Release|Any CPU.ActiveCfg = Release|Any CPU
		{340A037E-FA91-46CE-9F56-4A69CF1BCC74}.Release|Any CPU.Build.0 = Release|Any CPU
	EndGlobalSection
	GlobalSection(SolutionProperties) = preSolution
		HideSolutionNode = FALSE
	EndGlobalSection
	GlobalSection(ExtensibilityGlobals) = postSolution
		SolutionGuid = {1A72735B-AE97-452F-806B-D5EEBE89C76F}
	EndGlobalSection
EndGlobal
